// !$*UTF8*$!
{
	archiveVersion = 1;
	classes = {
	};
	objectVersion = 56;
	objects = {

/* Begin PBXBuildFile section */
		AD9E533B2C27FC620042837E /* GlitchTextApp.swift in Sources */ = {isa = PBXBuildFile; fileRef = AD9E533A2C27FC620042837E /* GlitchTextApp.swift */; };
		AD9E533D2C27FC620042837E /* ContentView.swift in Sources */ = {isa = PBXBuildFile; fileRef = AD9E533C2C27FC620042837E /* ContentView.swift */; };
		AD9E533F2C27FC650042837E /* Assets.xcassets in Resources */ = {isa = PBXBuildFile; fileRef = AD9E533E2C27FC650042837E /* Assets.xcassets */; };
		AD9E53422C27FC650042837E /* Preview Assets.xcassets in Resources */ = {isa = PBXBuildFile; fileRef = AD9E53412C27FC650042837E /* Preview Assets.xcassets */; };
		AD9E534C2C27FC650042837E /* GlitchTextTests.swift in Sources */ = {isa = PBXBuildFile; fileRef = AD9E534B2C27FC650042837E /* GlitchTextTests.swift */; };
		AD9E53562C27FC650042837E /* GlitchTextUITests.swift in Sources */ = {isa = PBXBuildFile; fileRef = AD9E53552C27FC650042837E /* GlitchTextUITests.swift */; };
		AD9E53582C27FC650042837E /* GlitchTextUITestsLaunchTests.swift in Sources */ = {isa = PBXBuildFile; fileRef = AD9E53572C27FC650042837E /* GlitchTextUITestsLaunchTests.swift */; };
/* End PBXBuildFile section */

/* Begin PBXContainerItemProxy section */
		AD9E53482C27FC650042837E /* PBXContainerItemProxy */ = {
			isa = PBXContainerItemProxy;
			containerPortal = AD9E532F2C27FC620042837E /* Project object */;
			proxyType = 1;
			remoteGlobalIDString = AD9E53362C27FC620042837E;
			remoteInfo = GlitchText;
		};
		AD9E53522C27FC650042837E /* PBXContainerItemProxy */ = {
			isa = PBXContainerItemProxy;
			containerPortal = AD9E532F2C27FC620042837E /* Project object */;
			proxyType = 1;
			remoteGlobalIDString = AD9E53362C27FC620042837E;
			remoteInfo = GlitchText;
		};
/* End PBXContainerItemProxy section */

/* Begin PBXFileReference section */
		AD9E53372C27FC620042837E /* GlitchText.app */ = {isa = PBXFileReference; explicitFileType = wrapper.application; includeInIndex = 0; path = GlitchText.app; sourceTree = BUILT_PRODUCTS_DIR; };
		AD9E533A2C27FC620042837E /* GlitchTextApp.swift */ = {isa = PBXFileReference; lastKnownFileType = sourcecode.swift; path = GlitchTextApp.swift; sourceTree = "<group>"; };
		AD9E533C2C27FC620042837E /* ContentView.swift */ = {isa = PBXFileReference; lastKnownFileType = sourcecode.swift; path = ContentView.swift; sourceTree = "<group>"; };
		AD9E533E2C27FC650042837E /* Assets.xcassets */ = {isa = PBXFileReference; lastKnownFileType = folder.assetcatalog; path = Assets.xcassets; sourceTree = "<group>"; };
		AD9E53412C27FC650042837E /* Preview Assets.xcassets */ = {isa = PBXFileReference; lastKnownFileType = folder.assetcatalog; path = "Preview Assets.xcassets"; sourceTree = "<group>"; };
		AD9E53472C27FC650042837E /* GlitchTextTests.xctest */ = {isa = PBXFileReference; explicitFileType = wrapper.cfbundle; includeInIndex = 0; path = GlitchTextTests.xctest; sourceTree = BUILT_PRODUCTS_DIR; };
		AD9E534B2C27FC650042837E /* GlitchTextTests.swift */ = {isa = PBXFileReference; lastKnownFileType = sourcecode.swift; path = GlitchTextTests.swift; sourceTree = "<group>"; };
		AD9E53512C27FC650042837E /* GlitchTextUITests.xctest */ = {isa = PBXFileReference; explicitFileType = wrapper.cfbundle; includeInIndex = 0; path = GlitchTextUITests.xctest; sourceTree = BUILT_PRODUCTS_DIR; };
		AD9E53552C27FC650042837E /* GlitchTextUITests.swift */ = {isa = PBXFileReference; lastKnownFileType = sourcecode.swift; path = GlitchTextUITests.swift; sourceTree = "<group>"; };
		AD9E53572C27FC650042837E /* GlitchTextUITestsLaunchTests.swift */ = {isa = PBXFileReference; lastKnownFileType = sourcecode.swift; path = GlitchTextUITestsLaunchTests.swift; sourceTree = "<group>"; };
/* End PBXFileReference section */

/* Begin PBXFrameworksBuildPhase section */
		AD9E53342C27FC620042837E /* Frameworks */ = {
			isa = PBXFrameworksBuildPhase;
			buildActionMask = 2147483647;
			files = (
			);
			runOnlyForDeploymentPostprocessing = 0;
		};
		AD9E53442C27FC650042837E /* Frameworks */ = {
			isa = PBXFrameworksBuildPhase;
			buildActionMask = 2147483647;
			files = (
			);
			runOnlyForDeploymentPostprocessing = 0;
		};
		AD9E534E2C27FC650042837E /* Frameworks */ = {
			isa = PBXFrameworksBuildPhase;
			buildActionMask = 2147483647;
			files = (
			);
			runOnlyForDeploymentPostprocessing = 0;
		};
/* End PBXFrameworksBuildPhase section */

/* Begin PBXGroup section */
		AD9E532E2C27FC620042837E = {
			isa = PBXGroup;
			children = (
				AD9E53392C27FC620042837E /* GlitchText */,
				AD9E534A2C27FC650042837E /* GlitchTextTests */,
				AD9E53542C27FC650042837E /* GlitchTextUITests */,
				AD9E53382C27FC620042837E /* Products */,
			);
			sourceTree = "<group>";
		};
		AD9E53382C27FC620042837E /* Products */ = {
			isa = PBXGroup;
			children = (
				AD9E53372C27FC620042837E /* GlitchText.app */,
				AD9E53472C27FC650042837E /* GlitchTextTests.xctest */,
				AD9E53512C27FC650042837E /* GlitchTextUITests.xctest */,
			);
			name = Products;
			sourceTree = "<group>";
		};
		AD9E53392C27FC620042837E /* GlitchText */ = {
			isa = PBXGroup;
			children = (
				AD9E533A2C27FC620042837E /* GlitchTextApp.swift */,
				AD9E533C2C27FC620042837E /* ContentView.swift */,
				AD9E533E2C27FC650042837E /* Assets.xcassets */,
				AD9E53402C27FC650042837E /* Preview Content */,
			);
			path = GlitchText;
			sourceTree = "<group>";
		};
		AD9E53402C27FC650042837E /* Preview Content */ = {
			isa = PBXGroup;
			children = (
				AD9E53412C27FC650042837E /* Preview Assets.xcassets */,
			);
			path = "Preview Content";
			sourceTree = "<group>";
		};
		AD9E534A2C27FC650042837E /* GlitchTextTests */ = {
			isa = PBXGroup;
			children = (
				AD9E534B2C27FC650042837E /* GlitchTextTests.swift */,
			);
			path = GlitchTextTests;
			sourceTree = "<group>";
		};
		AD9E53542C27FC650042837E /* GlitchTextUITests */ = {
			isa = PBXGroup;
			children = (
				AD9E53552C27FC650042837E /* GlitchTextUITests.swift */,
				AD9E53572C27FC650042837E /* GlitchTextUITestsLaunchTests.swift */,
			);
			path = GlitchTextUITests;
			sourceTree = "<group>";
		};
/* End PBXGroup section */

/* Begin PBXNativeTarget section */
		AD9E53362C27FC620042837E /* GlitchText */ = {
			isa = PBXNativeTarget;
			buildConfigurationList = AD9E535B2C27FC650042837E /* Build configuration list for PBXNativeTarget "GlitchText" */;
			buildPhases = (
				AD9E53332C27FC620042837E /* Sources */,
				AD9E53342C27FC620042837E /* Frameworks */,
				AD9E53352C27FC620042837E /* Resources */,
			);
			buildRules = (
			);
			dependencies = (
			);
			name = GlitchText;
			productName = GlitchText;
			productReference = AD9E53372C27FC620042837E /* GlitchText.app */;
			productType = "com.apple.product-type.application";
		};
		AD9E53462C27FC650042837E /* GlitchTextTests */ = {
			isa = PBXNativeTarget;
			buildConfigurationList = AD9E535E2C27FC650042837E /* Build configuration list for PBXNativeTarget "GlitchTextTests" */;
			buildPhases = (
				AD9E53432C27FC650042837E /* Sources */,
				AD9E53442C27FC650042837E /* Frameworks */,
				AD9E53452C27FC650042837E /* Resources */,
			);
			buildRules = (
			);
			dependencies = (
				AD9E53492C27FC650042837E /* PBXTargetDependency */,
			);
			name = GlitchTextTests;
			productName = GlitchTextTests;
			productReference = AD9E53472C27FC650042837E /* GlitchTextTests.xctest */;
			productType = "com.apple.product-type.bundle.unit-test";
		};
		AD9E53502C27FC650042837E /* GlitchTextUITests */ = {
			isa = PBXNativeTarget;
			buildConfigurationList = AD9E53612C27FC650042837E /* Build configuration list for PBXNativeTarget "GlitchTextUITests" */;
			buildPhases = (
				AD9E534D2C27FC650042837E /* Sources */,
				AD9E534E2C27FC650042837E /* Frameworks */,
				AD9E534F2C27FC650042837E /* Resources */,
			);
			buildRules = (
			);
			dependencies = (
				AD9E53532C27FC650042837E /* PBXTargetDependency */,
			);
			name = GlitchTextUITests;
			productName = GlitchTextUITests;
			productReference = AD9E53512C27FC650042837E /* GlitchTextUITests.xctest */;
			productType = "com.apple.product-type.bundle.ui-testing";
		};
/* End PBXNativeTarget section */

/* Begin PBXProject section */
		AD9E532F2C27FC620042837E /* Project object */ = {
			isa = PBXProject;
			attributes = {
				BuildIndependentTargetsInParallel = 1;
				LastSwiftUpdateCheck = 1520;
				LastUpgradeCheck = 1520;
				TargetAttributes = {
					AD9E53362C27FC620042837E = {
						CreatedOnToolsVersion = 15.2;
					};
					AD9E53462C27FC650042837E = {
						CreatedOnToolsVersion = 15.2;
						TestTargetID = AD9E53362C27FC620042837E;
					};
					AD9E53502C27FC650042837E = {
						CreatedOnToolsVersion = 15.2;
						TestTargetID = AD9E53362C27FC620042837E;
					};
				};
			};
			buildConfigurationList = AD9E53322C27FC620042837E /* Build configuration list for PBXProject "GlitchText" */;
			compatibilityVersion = "Xcode 14.0";
			developmentRegion = en;
			hasScannedForEncodings = 0;
			knownRegions = (
				en,
				Base,
			);
			mainGroup = AD9E532E2C27FC620042837E;
			productRefGroup = AD9E53382C27FC620042837E /* Products */;
			projectDirPath = "";
			projectRoot = "";
			targets = (
				AD9E53362C27FC620042837E /* GlitchText */,
				AD9E53462C27FC650042837E /* GlitchTextTests */,
				AD9E53502C27FC650042837E /* GlitchTextUITests */,
			);
		};
/* End PBXProject section */

/* Begin PBXResourcesBuildPhase section */
		AD9E53352C27FC620042837E /* Resources */ = {
			isa = PBXResourcesBuildPhase;
			buildActionMask = 2147483647;
			files = (
				AD9E53422C27FC650042837E /* Preview Assets.xcassets in Resources */,
				AD9E533F2C27FC650042837E /* Assets.xcassets in Resources */,
			);
			runOnlyForDeploymentPostprocessing = 0;
		};
		AD9E53452C27FC650042837E /* Resources */ = {
			isa = PBXResourcesBuildPhase;
			buildActionMask = 2147483647;
			files = (
			);
			runOnlyForDeploymentPostprocessing = 0;
		};
		AD9E534F2C27FC650042837E /* Resources */ = {
			isa = PBXResourcesBuildPhase;
			buildActionMask = 2147483647;
			files = (
			);
			runOnlyForDeploymentPostprocessing = 0;
		};
/* End PBXResourcesBuildPhase section */

/* Begin PBXSourcesBuildPhase section */
		AD9E53332C27FC620042837E /* Sources */ = {
			isa = PBXSourcesBuildPhase;
			buildActionMask = 2147483647;
			files = (
				AD9E533D2C27FC620042837E /* ContentView.swift in Sources */,
				AD9E533B2C27FC620042837E /* GlitchTextApp.swift in Sources */,
			);
			runOnlyForDeploymentPostprocessing = 0;
		};
		AD9E53432C27FC650042837E /* Sources */ = {
			isa = PBXSourcesBuildPhase;
			buildActionMask = 2147483647;
			files = (
				AD9E534C2C27FC650042837E /* GlitchTextTests.swift in Sources */,
			);
			runOnlyForDeploymentPostprocessing = 0;
		};
		AD9E534D2C27FC650042837E /* Sources */ = {
			isa = PBXSourcesBuildPhase;
			buildActionMask = 2147483647;
			files = (
				AD9E53582C27FC650042837E /* GlitchTextUITestsLaunchTests.swift in Sources */,
				AD9E53562C27FC650042837E /* GlitchTextUITests.swift in Sources */,
			);
			runOnlyForDeploymentPostprocessing = 0;
		};
/* End PBXSourcesBuildPhase section */

/* Begin PBXTargetDependency section */
		AD9E53492C27FC650042837E /* PBXTargetDependency */ = {
			isa = PBXTargetDependency;
			target = AD9E53362C27FC620042837E /* GlitchText */;
			targetProxy = AD9E53482C27FC650042837E /* PBXContainerItemProxy */;
		};
		AD9E53532C27FC650042837E /* PBXTargetDependency */ = {
			isa = PBXTargetDependency;
			target = AD9E53362C27FC620042837E /* GlitchText */;
			targetProxy = AD9E53522C27FC650042837E /* PBXContainerItemProxy */;
		};
/* End PBXTargetDependency section */

/* Begin XCBuildConfiguration section */
		AD9E53592C27FC650042837E /* Debug */ = {
			isa = XCBuildConfiguration;
			buildSettings = {
				ALWAYS_SEARCH_USER_PATHS = NO;
				ASSETCATALOG_COMPILER_GENERATE_SWIFT_ASSET_SYMBOL_EXTENSIONS = YES;
				CLANG_ANALYZER_NONNULL = YES;
				CLANG_ANALYZER_NUMBER_OBJECT_CONVERSION = YES_AGGRESSIVE;
				CLANG_CXX_LANGUAGE_STANDARD = "gnu++20";
				CLANG_ENABLE_MODULES = YES;
				CLANG_ENABLE_OBJC_ARC = YES;
				CLANG_ENABLE_OBJC_WEAK = YES;
				CLANG_WARN_BLOCK_CAPTURE_AUTORELEASING = YES;
				CLANG_WARN_BOOL_CONVERSION = YES;
				CLANG_WARN_COMMA = YES;
				CLANG_WARN_CONSTANT_CONVERSION = YES;
				CLANG_WARN_DEPRECATED_OBJC_IMPLEMENTATIONS = YES;
				CLANG_WARN_DIRECT_OBJC_ISA_USAGE = YES_ERROR;
				CLANG_WARN_DOCUMENTATION_COMMENTS = YES;
				CLANG_WARN_EMPTY_BODY = YES;
				CLANG_WARN_ENUM_CONVERSION = YES;
				CLANG_WARN_INFINITE_RECURSION = YES;
				CLANG_WARN_INT_CONVERSION = YES;
				CLANG_WARN_NON_LITERAL_NULL_CONVERSION = YES;
				CLANG_WARN_OBJC_IMPLICIT_RETAIN_SELF = YES;
				CLANG_WARN_OBJC_LITERAL_CONVERSION = YES;
				CLANG_WARN_OBJC_ROOT_CLASS = YES_ERROR;
				CLANG_WARN_QUOTED_INCLUDE_IN_FRAMEWORK_HEADER = YES;
				CLANG_WARN_RANGE_LOOP_ANALYSIS = YES;
				CLANG_WARN_STRICT_PROTOTYPES = YES;
				CLANG_WARN_SUSPICIOUS_MOVE = YES;
				CLANG_WARN_UNGUARDED_AVAILABILITY = YES_AGGRESSIVE;
				CLANG_WARN_UNREACHABLE_CODE = YES;
				CLANG_WARN__DUPLICATE_METHOD_MATCH = YES;
				COPY_PHASE_STRIP = NO;
				DEBUG_INFORMATION_FORMAT = dwarf;
				ENABLE_STRICT_OBJC_MSGSEND = YES;
				ENABLE_TESTABILITY = YES;
				ENABLE_USER_SCRIPT_SANDBOXING = YES;
				GCC_C_LANGUAGE_STANDARD = gnu17;
				GCC_DYNAMIC_NO_PIC = NO;
				GCC_NO_COMMON_BLOCKS = YES;
				GCC_OPTIMIZATION_LEVEL = 0;
				GCC_PREPROCESSOR_DEFINITIONS = (
					"DEBUG=1",
					"$(inherited)",
				);
				GCC_WARN_64_TO_32_BIT_CONVERSION = YES;
				GCC_WARN_ABOUT_RETURN_TYPE = YES_ERROR;
				GCC_WARN_UNDECLARED_SELECTOR = YES;
				GCC_WARN_UNINITIALIZED_AUTOS = YES_AGGRESSIVE;
				GCC_WARN_UNUSED_FUNCTION = YES;
				GCC_WARN_UNUSED_VARIABLE = YES;
				IPHONEOS_DEPLOYMENT_TARGET = 17.2;
				LOCALIZATION_PREFERS_STRING_CATALOGS = YES;
				MTL_ENABLE_DEBUG_INFO = INCLUDE_SOURCE;
				MTL_FAST_MATH = YES;
				ONLY_ACTIVE_ARCH = YES;
				SDKROOT = iphoneos;
				SWIFT_ACTIVE_COMPILATION_CONDITIONS = "DEBUG $(inherited)";
				SWIFT_OPTIMIZATION_LEVEL = "-Onone";
			};
			name = Debug;
		};
		AD9E535A2C27FC650042837E /* Release */ = {
			isa = XCBuildConfiguration;
			buildSettings = {
				ALWAYS_SEARCH_USER_PATHS = NO;
				ASSETCATALOG_COMPILER_GENERATE_SWIFT_ASSET_SYMBOL_EXTENSIONS = YES;
				CLANG_ANALYZER_NONNULL = YES;
				CLANG_ANALYZER_NUMBER_OBJECT_CONVERSION = YES_AGGRESSIVE;
				CLANG_CXX_LANGUAGE_STANDARD = "gnu++20";
				CLANG_ENABLE_MODULES = YES;
				CLANG_ENABLE_OBJC_ARC = YES;
				CLANG_ENABLE_OBJC_WEAK = YES;
				CLANG_WARN_BLOCK_CAPTURE_AUTORELEASING = YES;
				CLANG_WARN_BOOL_CONVERSION = YES;
				CLANG_WARN_COMMA = YES;
				CLANG_WARN_CONSTANT_CONVERSION = YES;
				CLANG_WARN_DEPRECATED_OBJC_IMPLEMENTATIONS = YES;
				CLANG_WARN_DIRECT_OBJC_ISA_USAGE = YES_ERROR;
				CLANG_WARN_DOCUMENTATION_COMMENTS = YES;
				CLANG_WARN_EMPTY_BODY = YES;
				CLANG_WARN_ENUM_CONVERSION = YES;
				CLANG_WARN_INFINITE_RECURSION = YES;
				CLANG_WARN_INT_CONVERSION = YES;
				CLANG_WARN_NON_LITERAL_NULL_CONVERSION = YES;
				CLANG_WARN_OBJC_IMPLICIT_RETAIN_SELF = YES;
				CLANG_WARN_OBJC_LITERAL_CONVERSION = YES;
				CLANG_WARN_OBJC_ROOT_CLASS = YES_ERROR;
				CLANG_WARN_QUOTED_INCLUDE_IN_FRAMEWORK_HEADER = YES;
				CLANG_WARN_RANGE_LOOP_ANALYSIS = YES;
				CLANG_WARN_STRICT_PROTOTYPES = YES;
				CLANG_WARN_SUSPICIOUS_MOVE = YES;
				CLANG_WARN_UNGUARDED_AVAILABILITY = YES_AGGRESSIVE;
				CLANG_WARN_UNREACHABLE_CODE = YES;
				CLANG_WARN__DUPLICATE_METHOD_MATCH = YES;
				COPY_PHASE_STRIP = NO;
				DEBUG_INFORMATION_FORMAT = "dwarf-with-dsym";
				ENABLE_NS_ASSERTIONS = NO;
				ENABLE_STRICT_OBJC_MSGSEND = YES;
				ENABLE_USER_SCRIPT_SANDBOXING = YES;
				GCC_C_LANGUAGE_STANDARD = gnu17;
				GCC_NO_COMMON_BLOCKS = YES;
				GCC_WARN_64_TO_32_BIT_CONVERSION = YES;
				GCC_WARN_ABOUT_RETURN_TYPE = YES_ERROR;
				GCC_WARN_UNDECLARED_SELECTOR = YES;
				GCC_WARN_UNINITIALIZED_AUTOS = YES_AGGRESSIVE;
				GCC_WARN_UNUSED_FUNCTION = YES;
				GCC_WARN_UNUSED_VARIABLE = YES;
				IPHONEOS_DEPLOYMENT_TARGET = 17.2;
				LOCALIZATION_PREFERS_STRING_CATALOGS = YES;
				MTL_ENABLE_DEBUG_INFO = NO;
				MTL_FAST_MATH = YES;
				SDKROOT = iphoneos;
				SWIFT_COMPILATION_MODE = wholemodule;
				VALIDATE_PRODUCT = YES;
			};
			name = Release;
		};
		AD9E535C2C27FC650042837E /* Debug */ = {
			isa = XCBuildConfiguration;
			buildSettings = {
				ASSETCATALOG_COMPILER_APPICON_NAME = AppIcon;
				ASSETCATALOG_COMPILER_GLOBAL_ACCENT_COLOR_NAME = AccentColor;
				CODE_SIGN_STYLE = Automatic;
				CURRENT_PROJECT_VERSION = 1;
				DEVELOPMENT_ASSET_PATHS = "\"GlitchText/Preview Content\"";
				ENABLE_PREVIEWS = YES;
				GENERATE_INFOPLIST_FILE = YES;
				INFOPLIST_KEY_UIApplicationSceneManifest_Generation = YES;
				INFOPLIST_KEY_UIApplicationSupportsIndirectInputEvents = YES;
				INFOPLIST_KEY_UILaunchScreen_Generation = YES;
				INFOPLIST_KEY_UISupportedInterfaceOrientations_iPad = "UIInterfaceOrientationPortrait UIInterfaceOrientationPortraitUpsideDown UIInterfaceOrientationLandscapeLeft UIInterfaceOrientationLandscapeRight";
				INFOPLIST_KEY_UISupportedInterfaceOrientations_iPhone = "UIInterfaceOrientationPortrait UIInterfaceOrientationLandscapeLeft UIInterfaceOrientationLandscapeRight";
				LD_RUNPATH_SEARCH_PATHS = (
					"$(inherited)",
					"@executable_path/Frameworks",
				);
				MARKETING_VERSION = 1.0;
				PRODUCT_BUNDLE_IDENTIFIER = com.akbarshah.GlitchText;
				PRODUCT_NAME = "$(TARGET_NAME)";
				SWIFT_EMIT_LOC_STRINGS = YES;
				SWIFT_VERSION = 5.0;
				TARGETED_DEVICE_FAMILY = "1,2";
			};
			name = Debug;
		};
		AD9E535D2C27FC650042837E /* Release */ = {
			isa = XCBuildConfiguration;
			buildSettings = {
				ASSETCATALOG_COMPILER_APPICON_NAME = AppIcon;
				ASSETCATALOG_COMPILER_GLOBAL_ACCENT_COLOR_NAME = AccentColor;
				CODE_SIGN_STYLE = Automatic;
				CURRENT_PROJECT_VERSION = 1;
				DEVELOPMENT_ASSET_PATHS = "\"GlitchText/Preview Content\"";
				ENABLE_PREVIEWS = YES;
				GENERATE_INFOPLIST_FILE = YES;
				INFOPLIST_KEY_UIApplicationSceneManifest_Generation = YES;
				INFOPLIST_KEY_UIApplicationSupportsIndirectInputEvents = YES;
				INFOPLIST_KEY_UILaunchScreen_Generation = YES;
				INFOPLIST_KEY_UISupportedInterfaceOrientations_iPad = "UIInterfaceOrientationPortrait UIInterfaceOrientationPortraitUpsideDown UIInterfaceOrientationLandscapeLeft UIInterfaceOrientationLandscapeRight";
				INFOPLIST_KEY_UISupportedInterfaceOrientations_iPhone = "UIInterfaceOrientationPortrait UIInterfaceOrientationLandscapeLeft UIInterfaceOrientationLandscapeRight";
				LD_RUNPATH_SEARCH_PATHS = (
					"$(inherited)",
					"@executable_path/Frameworks",
				);
				MARKETING_VERSION = 1.0;
				PRODUCT_BUNDLE_IDENTIFIER = com.akbarshah.GlitchText;
				PRODUCT_NAME = "$(TARGET_NAME)";
				SWIFT_EMIT_LOC_STRINGS = YES;
				SWIFT_VERSION = 5.0;
				TARGETED_DEVICE_FAMILY = "1,2";
			};
			name = Release;
		};
		AD9E535F2C27FC650042837E /* Debug */ = {
			isa = XCBuildConfiguration;
			buildSettings = {
				ALWAYS_EMBED_SWIFT_STANDARD_LIBRARIES = YES;
				BUNDLE_LOADER = "$(TEST_HOST)";
				CODE_SIGN_STYLE = Automatic;
				CURRENT_PROJECT_VERSION = 1;
				GENERATE_INFOPLIST_FILE = YES;
				IPHONEOS_DEPLOYMENT_TARGET = 17.2;
				MARKETING_VERSION = 1.0;
				PRODUCT_BUNDLE_IDENTIFIER = com.akbarshah.GlitchTextTests;
				PRODUCT_NAME = "$(TARGET_NAME)";
				SWIFT_EMIT_LOC_STRINGS = NO;
				SWIFT_VERSION = 5.0;
				TARGETED_DEVICE_FAMILY = "1,2";
				TEST_HOST = "$(BUILT_PRODUCTS_DIR)/GlitchText.app/$(BUNDLE_EXECUTABLE_FOLDER_PATH)/GlitchText";
			};
			name = Debug;
		};
		AD9E53602C27FC650042837E /* Release */ = {
			isa = XCBuildConfiguration;
			buildSettings = {
				ALWAYS_EMBED_SWIFT_STANDARD_LIBRARIES = YES;
				BUNDLE_LOADER = "$(TEST_HOST)";
				CODE_SIGN_STYLE = Automatic;
				CURRENT_PROJECT_VERSION = 1;
				GENERATE_INFOPLIST_FILE = YES;
				IPHONEOS_DEPLOYMENT_TARGET = 17.2;
				MARKETING_VERSION = 1.0;
				PRODUCT_BUNDLE_IDENTIFIER = com.akbarshah.GlitchTextTests;
				PRODUCT_NAME = "$(TARGET_NAME)";
				SWIFT_EMIT_LOC_STRINGS = NO;
				SWIFT_VERSION = 5.0;
				TARGETED_DEVICE_FAMILY = "1,2";
				TEST_HOST = "$(BUILT_PRODUCTS_DIR)/GlitchText.app/$(BUNDLE_EXECUTABLE_FOLDER_PATH)/GlitchText";
			};
			name = Release;
		};
		AD9E53622C27FC650042837E /* Debug */ = {
			isa = XCBuildConfiguration;
			buildSettings = {
				ALWAYS_EMBED_SWIFT_STANDARD_LIBRARIES = YES;
				CODE_SIGN_STYLE = Automatic;
				CURRENT_PROJECT_VERSION = 1;
				GENERATE_INFOPLIST_FILE = YES;
				MARKETING_VERSION = 1.0;
				PRODUCT_BUNDLE_IDENTIFIER = com.akbarshah.GlitchTextUITests;
				PRODUCT_NAME = "$(TARGET_NAME)";
				SWIFT_EMIT_LOC_STRINGS = NO;
				SWIFT_VERSION = 5.0;
				TARGETED_DEVICE_FAMILY = "1,2";
				TEST_TARGET_NAME = GlitchText;
			};
			name = Debug;
		};
		AD9E53632C27FC650042837E /* Release */ = {
			isa = XCBuildConfiguration;
			buildSettings = {
				ALWAYS_EMBED_SWIFT_STANDARD_LIBRARIES = YES;
				CODE_SIGN_STYLE = Automatic;
				CURRENT_PROJECT_VERSION = 1;
				GENERATE_INFOPLIST_FILE = YES;
				MARKETING_VERSION = 1.0;
				PRODUCT_BUNDLE_IDENTIFIER = com.akbarshah.GlitchTextUITests;
				PRODUCT_NAME = "$(TARGET_NAME)";
				SWIFT_EMIT_LOC_STRINGS = NO;
				SWIFT_VERSION = 5.0;
				TARGETED_DEVICE_FAMILY = "1,2";
				TEST_TARGET_NAME = GlitchText;
			};
			name = Release;
		};
/* End XCBuildConfiguration section */

/* Begin XCConfigurationList section */
		AD9E53322C27FC620042837E /* Build configuration list for PBXProject "GlitchText" */ = {
			isa = XCConfigurationList;
			buildConfigurations = (
				AD9E53592C27FC650042837E /* Debug */,
				AD9E535A2C27FC650042837E /* Release */,
			);
			defaultConfigurationIsVisible = 0;
			defaultConfigurationName = Release;
		};
		AD9E535B2C27FC650042837E /* Build configuration list for PBXNativeTarget "GlitchText" */ = {
			isa = XCConfigurationList;
			buildConfigurations = (
				AD9E535C2C27FC650042837E /* Debug */,
				AD9E535D2C27FC650042837E /* Release */,
			);
			defaultConfigurationIsVisible = 0;
			defaultConfigurationName = Release;
		};
		AD9E535E2C27FC650042837E /* Build configuration list for PBXNativeTarget "GlitchTextTests" */ = {
			isa = XCConfigurationList;
			buildConfigurations = (
				AD9E535F2C27FC650042837E /* Debug */,
				AD9E53602C27FC650042837E /* Release */,
			);
			defaultConfigurationIsVisible = 0;
			defaultConfigurationName = Release;
		};
		AD9E53612C27FC650042837E /* Build configuration list for PBXNativeTarget "GlitchTextUITests" */ = {
			isa = XCConfigurationList;
			buildConfigurations = (
				AD9E53622C27FC650042837E /* Debug */,
				AD9E53632C27FC650042837E /* Release */,
			);
			defaultConfigurationIsVisible = 0;
			defaultConfigurationName = Release;
		};
/* End XCConfigurationList section */
	};
	rootObject = AD9E532F2C27FC620042837E /* Project object */;
}
